// !$*UTF8*$!
{
	archiveVersion = 1;
	classes = {
	};
	objectVersion = 46;
	objects = {

/* Begin PBXBuildFile section */
		61898A881B08EB840052FD05 /* AppDelegate.swift in Sources */ = {isa = PBXBuildFile; fileRef = 61898A871B08EB840052FD05 /* AppDelegate.swift */; };
		61898A8F1B08EB840052FD05 /* Images.xcassets in Resources */ = {isa = PBXBuildFile; fileRef = 61898A8E1B08EB840052FD05 /* Images.xcassets */; };
		61898A921B08EB840052FD05 /* LaunchScreen.xib in Resources */ = {isa = PBXBuildFile; fileRef = 61898A901B08EB840052FD05 /* LaunchScreen.xib */; };
		61898A9E1B08EB840052FD05 /* DonnieTests.swift in Sources */ = {isa = PBXBuildFile; fileRef = 61898A9D1B08EB840052FD05 /* DonnieTests.swift */; };
		F850783E1B09632900D71E4A /* Person.swift in Sources */ = {isa = PBXBuildFile; fileRef = F850783D1B09632900D71E4A /* Person.swift */; };
		F86C73361B5446EA00795DF8 /* SquaresViewController.swift in Sources */ = {isa = PBXBuildFile; fileRef = F86C73351B5446EA00795DF8 /* SquaresViewController.swift */; };
		F89211521B1F5EAF00B9262C /* Party.swift in Sources */ = {isa = PBXBuildFile; fileRef = F89211511B1F5EAF00B9262C /* Party.swift */; };
/* End PBXBuildFile section */

/* Begin PBXContainerItemProxy section */
		61898A981B08EB840052FD05 /* PBXContainerItemProxy */ = {
			isa = PBXContainerItemProxy;
			containerPortal = 61898A7A1B08EB840052FD05 /* Project object */;
			proxyType = 1;
			remoteGlobalIDString = 61898A811B08EB840052FD05;
			remoteInfo = Donnie;
		};
/* End PBXContainerItemProxy section */

/* Begin PBXFileReference section */
		61898A821B08EB840052FD05 /* Donnie.app */ = {isa = PBXFileReference; explicitFileType = wrapper.application; includeInIndex = 0; path = Donnie.app; sourceTree = BUILT_PRODUCTS_DIR; };
		61898A861B08EB840052FD05 /* Info.plist */ = {isa = PBXFileReference; lastKnownFileType = text.plist.xml; path = Info.plist; sourceTree = "<group>"; };
		61898A871B08EB840052FD05 /* AppDelegate.swift */ = {isa = PBXFileReference; lastKnownFileType = sourcecode.swift; path = AppDelegate.swift; sourceTree = "<group>"; };
		61898A8E1B08EB840052FD05 /* Images.xcassets */ = {isa = PBXFileReference; lastKnownFileType = folder.assetcatalog; path = Images.xcassets; sourceTree = "<group>"; };
		61898A911B08EB840052FD05 /* Base */ = {isa = PBXFileReference; lastKnownFileType = file.xib; name = Base; path = Base.lproj/LaunchScreen.xib; sourceTree = "<group>"; };
		61898A971B08EB840052FD05 /* DonnieTests.xctest */ = {isa = PBXFileReference; explicitFileType = wrapper.cfbundle; includeInIndex = 0; path = DonnieTests.xctest; sourceTree = BUILT_PRODUCTS_DIR; };
		61898A9C1B08EB840052FD05 /* Info.plist */ = {isa = PBXFileReference; lastKnownFileType = text.plist.xml; path = Info.plist; sourceTree = "<group>"; };
		61898A9D1B08EB840052FD05 /* DonnieTests.swift */ = {isa = PBXFileReference; lastKnownFileType = sourcecode.swift; path = DonnieTests.swift; sourceTree = "<group>"; };
		F850783D1B09632900D71E4A /* Person.swift */ = {isa = PBXFileReference; fileEncoding = 4; lastKnownFileType = sourcecode.swift; path = Person.swift; sourceTree = "<group>"; };
		F86C73351B5446EA00795DF8 /* SquaresViewController.swift */ = {isa = PBXFileReference; fileEncoding = 4; lastKnownFileType = sourcecode.swift; path = SquaresViewController.swift; sourceTree = "<group>"; };
		F89211511B1F5EAF00B9262C /* Party.swift */ = {isa = PBXFileReference; fileEncoding = 4; lastKnownFileType = sourcecode.swift; path = Party.swift; sourceTree = "<group>"; };
/* End PBXFileReference section */

/* Begin PBXFrameworksBuildPhase section */
		61898A7F1B08EB840052FD05 /* Frameworks */ = {
			isa = PBXFrameworksBuildPhase;
			buildActionMask = 2147483647;
			files = (
			);
			runOnlyForDeploymentPostprocessing = 0;
		};
		61898A941B08EB840052FD05 /* Frameworks */ = {
			isa = PBXFrameworksBuildPhase;
			buildActionMask = 2147483647;
			files = (
			);
			runOnlyForDeploymentPostprocessing = 0;
		};
/* End PBXFrameworksBuildPhase section */

/* Begin PBXGroup section */
		61898A791B08EB840052FD05 = {
			isa = PBXGroup;
			children = (
				61898A841B08EB840052FD05 /* Donnie */,
				61898A9A1B08EB840052FD05 /* DonnieTests */,
				61898A831B08EB840052FD05 /* Products */,
			);
			sourceTree = "<group>";
		};
		61898A831B08EB840052FD05 /* Products */ = {
			isa = PBXGroup;
			children = (
				61898A821B08EB840052FD05 /* Donnie.app */,
				61898A971B08EB840052FD05 /* DonnieTests.xctest */,
			);
			name = Products;
			sourceTree = "<group>";
		};
		61898A841B08EB840052FD05 /* Donnie */ = {
			isa = PBXGroup;
			children = (
				61898AA71B08EC530052FD05 /* Models */,
				61898A871B08EB840052FD05 /* AppDelegate.swift */,
				F86C73351B5446EA00795DF8 /* SquaresViewController.swift */,
				61898A8E1B08EB840052FD05 /* Images.xcassets */,
				61898A901B08EB840052FD05 /* LaunchScreen.xib */,
				61898A851B08EB840052FD05 /* Supporting Files */,
			);
			path = Donnie;
			sourceTree = "<group>";
		};
		61898A851B08EB840052FD05 /* Supporting Files */ = {
			isa = PBXGroup;
			children = (
				61898A861B08EB840052FD05 /* Info.plist */,
			);
			name = "Supporting Files";
			sourceTree = "<group>";
		};
		61898A9A1B08EB840052FD05 /* DonnieTests */ = {
			isa = PBXGroup;
			children = (
				61898A9D1B08EB840052FD05 /* DonnieTests.swift */,
				61898A9B1B08EB840052FD05 /* Supporting Files */,
			);
			path = DonnieTests;
			sourceTree = "<group>";
		};
		61898A9B1B08EB840052FD05 /* Supporting Files */ = {
			isa = PBXGroup;
			children = (
				61898A9C1B08EB840052FD05 /* Info.plist */,
			);
			name = "Supporting Files";
			sourceTree = "<group>";
		};
		61898AA71B08EC530052FD05 /* Models */ = {
			isa = PBXGroup;
			children = (
				F850783D1B09632900D71E4A /* Person.swift */,
				F89211511B1F5EAF00B9262C /* Party.swift */,
			);
			name = Models;
			sourceTree = "<group>";
		};
/* End PBXGroup section */

/* Begin PBXNativeTarget section */
		61898A811B08EB840052FD05 /* Donnie */ = {
			isa = PBXNativeTarget;
			buildConfigurationList = 61898AA11B08EB840052FD05 /* Build configuration list for PBXNativeTarget "Donnie" */;
			buildPhases = (
				61898A7E1B08EB840052FD05 /* Sources */,
				61898A7F1B08EB840052FD05 /* Frameworks */,
				61898A801B08EB840052FD05 /* Resources */,
			);
			buildRules = (
			);
			dependencies = (
			);
			name = Donnie;
			productName = Donnie;
			productReference = 61898A821B08EB840052FD05 /* Donnie.app */;
			productType = "com.apple.product-type.application";
		};
		61898A961B08EB840052FD05 /* DonnieTests */ = {
			isa = PBXNativeTarget;
			buildConfigurationList = 61898AA41B08EB840052FD05 /* Build configuration list for PBXNativeTarget "DonnieTests" */;
			buildPhases = (
				61898A931B08EB840052FD05 /* Sources */,
				61898A941B08EB840052FD05 /* Frameworks */,
				61898A951B08EB840052FD05 /* Resources */,
			);
			buildRules = (
			);
			dependencies = (
				61898A991B08EB840052FD05 /* PBXTargetDependency */,
			);
			name = DonnieTests;
			productName = DonnieTests;
			productReference = 61898A971B08EB840052FD05 /* DonnieTests.xctest */;
			productType = "com.apple.product-type.bundle.unit-test";
		};
/* End PBXNativeTarget section */

/* Begin PBXProject section */
		61898A7A1B08EB840052FD05 /* Project object */ = {
			isa = PBXProject;
			attributes = {
				LastUpgradeCheck = 0630;
				ORGANIZATIONNAME = "Donnie Wang";
				TargetAttributes = {
					61898A811B08EB840052FD05 = {
						CreatedOnToolsVersion = 6.3.1;
					};
					61898A961B08EB840052FD05 = {
						CreatedOnToolsVersion = 6.3.1;
						TestTargetID = 61898A811B08EB840052FD05;
					};
				};
			};
			buildConfigurationList = 61898A7D1B08EB840052FD05 /* Build configuration list for PBXProject "Donnie" */;
			compatibilityVersion = "Xcode 3.2";
			developmentRegion = English;
			hasScannedForEncodings = 0;
			knownRegions = (
				en,
				Base,
			);
			mainGroup = 61898A791B08EB840052FD05;
			productRefGroup = 61898A831B08EB840052FD05 /* Products */;
			projectDirPath = "";
			projectRoot = "";
			targets = (
				61898A811B08EB840052FD05 /* Donnie */,
				61898A961B08EB840052FD05 /* DonnieTests */,
			);
		};
/* End PBXProject section */

/* Begin PBXResourcesBuildPhase section */
		61898A801B08EB840052FD05 /* Resources */ = {
			isa = PBXResourcesBuildPhase;
			buildActionMask = 2147483647;
			files = (
				61898A921B08EB840052FD05 /* LaunchScreen.xib in Resources */,
				61898A8F1B08EB840052FD05 /* Images.xcassets in Resources */,
			);
			runOnlyForDeploymentPostprocessing = 0;
		};
		61898A951B08EB840052FD05 /* Resources */ = {
			isa = PBXResourcesBuildPhase;
			buildActionMask = 2147483647;
			files = (
			);
			runOnlyForDeploymentPostprocessing = 0;
		};
/* End PBXResourcesBuildPhase section */

/* Begin PBXSourcesBuildPhase section */
		61898A7E1B08EB840052FD05 /* Sources */ = {
			isa = PBXSourcesBuildPhase;
			buildActionMask = 2147483647;
			files = (
				F850783E1B09632900D71E4A /* Person.swift in Sources */,
				F86C73361B5446EA00795DF8 /* SquaresViewController.swift in Sources */,
				F89211521B1F5EAF00B9262C /* Party.swift in Sources */,
				61898A881B08EB840052FD05 /* AppDelegate.swift in Sources */,
			);
			runOnlyForDeploymentPostprocessing = 0;
		};
		61898A931B08EB840052FD05 /* Sources */ = {
			isa = PBXSourcesBuildPhase;
			buildActionMask = 2147483647;
			files = (
				61898A9E1B08EB840052FD05 /* DonnieTests.swift in Sources */,
			);
			runOnlyForDeploymentPostprocessing = 0;
		};
/* End PBXSourcesBuildPhase section */

/* Begin PBXTargetDependency section */
		61898A991B08EB840052FD05 /* PBXTargetDependency */ = {
			isa = PBXTargetDependency;
			target = 61898A811B08EB840052FD05 /* Donnie */;
			targetProxy = 61898A981B08EB840052FD05 /* PBXContainerItemProxy */;
		};
/* End PBXTargetDependency section */

/* Begin PBXVariantGroup section */
		61898A901B08EB840052FD05 /* LaunchScreen.xib */ = {
			isa = PBXVariantGroup;
			children = (
				61898A911B08EB840052FD05 /* Base */,
			);
			name = LaunchScreen.xib;
			sourceTree = "<group>";
		};
/* End PBXVariantGroup section */

/* Begin XCBuildConfiguration section */
		61898A9F1B08EB840052FD05 /* Debug */ = {
			isa = XCBuildConfiguration;
			buildSettings = {
				ALWAYS_SEARCH_USER_PATHS = NO;
				CLANG_CXX_LANGUAGE_STANDARD = "gnu++0x";
				CLANG_CXX_LIBRARY = "libc++";
				CLANG_ENABLE_MODULES = YES;
				CLANG_ENABLE_OBJC_ARC = YES;
				CLANG_WARN_BOOL_CONVERSION = YES;
				CLANG_WARN_CONSTANT_CONVERSION = YES;
				CLANG_WARN_DIRECT_OBJC_ISA_USAGE = YES_ERROR;
				CLANG_WARN_EMPTY_BODY = YES;
				CLANG_WARN_ENUM_CONVERSION = YES;
				CLANG_WARN_INT_CONVERSION = YES;
				CLANG_WARN_OBJC_ROOT_CLASS = YES_ERROR;
				CLANG_WARN_UNREACHABLE_CODE = YES;
				CLANG_WARN__DUPLICATE_METHOD_MATCH = YES;
				"CODE_SIGN_IDENTITY[sdk=iphoneos*]" = "iPhone Developer";
				COPY_PHASE_STRIP = NO;
				DEBUG_INFORMATION_FORMAT = "dwarf-with-dsym";
				ENABLE_STRICT_OBJC_MSGSEND = YES;
				GCC_C_LANGUAGE_STANDARD = gnu99;
				GCC_DYNAMIC_NO_PIC = NO;
				GCC_NO_COMMON_BLOCKS = YES;
				GCC_OPTIMIZATION_LEVEL = 0;
				GCC_PREPROCESSOR_DEFINITIONS = (
					"DEBUG=1",
					"$(inherited)",
				);
				GCC_SYMBOLS_PRIVATE_EXTERN = NO;
				GCC_WARN_64_TO_32_BIT_CONVERSION = YES;
				GCC_WARN_ABOUT_RETURN_TYPE = YES_ERROR;
				GCC_WARN_UNDECLARED_SELECTOR = YES;
				GCC_WARN_UNINITIALIZED_AUTOS = YES_AGGRESSIVE;
				GCC_WARN_UNUSED_FUNCTION = YES;
				GCC_WARN_UNUSED_VARIABLE = YES;
				IPHONEOS_DEPLOYMENT_TARGET = 8.3;
				MTL_ENABLE_DEBUG_INFO = YES;
				ONLY_ACTIVE_ARCH = YES;
				SDKROOT = iphoneos;
				SWIFT_OPTIMIZATION_LEVEL = "-Onone";
				TARGETED_DEVICE_FAMILY = "1,2";
			};
			name = Debug;
		};
		61898AA01B08EB840052FD05 /* Release */ = {
			isa = XCBuildConfiguration;
			buildSettings = {
				ALWAYS_SEARCH_USER_PATHS = NO;
				CLANG_CXX_LANGUAGE_STANDARD = "gnu++0x";
				CLANG_CXX_LIBRARY = "libc++";
				CLANG_ENABLE_MODULES = YES;
				CLANG_ENABLE_OBJC_ARC = YES;
				CLANG_WARN_BOOL_CONVERSION = YES;
				CLANG_WARN_CONSTANT_CONVERSION = YES;
				CLANG_WARN_DIRECT_OBJC_ISA_USAGE = YES_ERROR;
				CLANG_WARN_EMPTY_BODY = YES;
				CLANG_WARN_ENUM_CONVERSION = YES;
				CLANG_WARN_INT_CONVERSION = YES;
				CLANG_WARN_OBJC_ROOT_CLASS = YES_ERROR;
				CLANG_WARN_UNREACHABLE_CODE = YES;
				CLANG_WARN__DUPLICATE_METHOD_MATCH = YES;
				"CODE_SIGN_IDENTITY[sdk=iphoneos*]" = "iPhone Developer";
				COPY_PHASE_STRIP = NO;
				DEBUG_INFORMATION_FORMAT = "dwarf-with-dsym";
				ENABLE_NS_ASSERTIONS = NO;
				ENABLE_STRICT_OBJC_MSGSEND = YES;
				GCC_C_LANGUAGE_STANDARD = gnu99;
				GCC_NO_COMMON_BLOCKS = YES;
				GCC_WARN_64_TO_32_BIT_CONVERSION = YES;
				GCC_WARN_ABOUT_RETURN_TYPE = YES_ERROR;
				GCC_WARN_UNDECLARED_SELECTOR = YES;
				GCC_WARN_UNINITIALIZED_AUTOS = YES_AGGRESSIVE;
				GCC_WARN_UNUSED_FUNCTION = YES;
				GCC_WARN_UNUSED_VARIABLE = YES;
				IPHONEOS_DEPLOYMENT_TARGET = 8.3;
				MTL_ENABLE_DEBUG_INFO = NO;
				SDKROOT = iphoneos;
				TARGETED_DEVICE_FAMILY = "1,2";
				VALIDATE_PRODUCT = YES;
			};
			name = Release;
		};
		61898AA21B08EB840052FD05 /* Debug */ = {
			isa = XCBuildConfiguration;
			buildSettings = {
				ASSETCATALOG_COMPILER_APPICON_NAME = AppIcon;
				INFOPLIST_FILE = Donnie/Info.plist;
				LD_RUNPATH_SEARCH_PATHS = "$(inherited) @executable_path/Frameworks";
				PRODUCT_NAME = "$(TARGET_NAME)";
			};
			name = Debug;
		};
		61898AA31B08EB840052FD05 /* Release */ = {
			isa = XCBuildConfiguration;
			buildSettings = {
				ASSETCATALOG_COMPILER_APPICON_NAME = AppIcon;
				INFOPLIST_FILE = Donnie/Info.plist;
				LD_RUNPATH_SEARCH_PATHS = "$(inherited) @executable_path/Frameworks";
				PRODUCT_NAME = "$(TARGET_NAME)";
			};
			name = Release;
		};
		61898AA51B08EB840052FD05 /* Debug */ = {
			isa = XCBuildConfiguration;
			buildSettings = {
				BUNDLE_LOADER = "$(TEST_HOST)";
				FRAMEWORK_SEARCH_PATHS = (
					"$(SDKROOT)/Developer/Library/Frameworks",
					"$(inherited)",
				);
				GCC_PREPROCESSOR_DEFINITIONS = (
					"DEBUG=1",
					"$(inherited)",
				);
				INFOPLIST_FILE = DonnieTests/Info.plist;
				LD_RUNPATH_SEARCH_PATHS = "$(inherited) @executable_path/Frameworks @loader_path/Frameworks";
				PRODUCT_NAME = "$(TARGET_NAME)";
				TEST_HOST = "$(BUILT_PRODUCTS_DIR)/Donnie.app/Donnie";
			};
			name = Debug;
		};
		61898AA61B08EB840052FD05 /* Release */ = {
			isa = XCBuildConfiguration;
			buildSettings = {
				BUNDLE_LOADER = "$(TEST_HOST)";
				FRAMEWORK_SEARCH_PATHS = (
					"$(SDKROOT)/Developer/Library/Frameworks",
					"$(inherited)",
				);
				INFOPLIST_FILE = DonnieTests/Info.plist;
				LD_RUNPATH_SEARCH_PATHS = "$(inherited) @executable_path/Frameworks @loader_path/Frameworks";
				PRODUCT_NAME = "$(TARGET_NAME)";
				TEST_HOST = "$(BUILT_PRODUCTS_DIR)/Donnie.app/Donnie";
			};
			name = Release;
		};
/* End XCBuildConfiguration section */

/* Begin XCConfigurationList section */
		61898A7D1B08EB840052FD05 /* Build configuration list for PBXProject "Donnie" */ = {
			isa = XCConfigurationList;
			buildConfigurations = (
				61898A9F1B08EB840052FD05 /* Debug */,
				61898AA01B08EB840052FD05 /* Release */,
			);
			defaultConfigurationIsVisible = 0;
			defaultConfigurationName = Release;
		};
		61898AA11B08EB840052FD05 /* Build configuration list for PBXNativeTarget "Donnie" */ = {
			isa = XCConfigurationList;
			buildConfigurations = (
				61898AA21B08EB840052FD05 /* Debug */,
				61898AA31B08EB840052FD05 /* Release */,
			);
			defaultConfigurationIsVisible = 0;
			defaultConfigurationName = Release;
		};
		61898AA41B08EB840052FD05 /* Build configuration list for PBXNativeTarget "DonnieTests" */ = {
			isa = XCConfigurationList;
			buildConfigurations = (
				61898AA51B08EB840052FD05 /* Debug */,
				61898AA61B08EB840052FD05 /* Release */,
			);
			defaultConfigurationIsVisible = 0;
			defaultConfigurationName = Release;
		};
/* End XCConfigurationList section */
	};
	rootObject = 61898A7A1B08EB840052FD05 /* Project object */;
}
